
Microsoft Visual Studio Solution File, Format Version 12.00
# Visual Studio 15
VisualStudioVersion = 15.0.28010.2050
MinimumVisualStudioVersion = 10.0.40219.1
Project("{FAE04EC0-301F-11D3-BF4B-00C04F79EFBC}") = "TestItemsControl", "TestItemsControl\TestItemsControl.csproj", "{DE43FE6F-B521-4BD4-A8AF-A9774CC54168}"
EndProject
Global
	GlobalSection(SolutionConfigurationPlatforms) = preSolution
		Debug|Any CPU = Debug|Any CPU
		Release|Any CPU = Release|Any CPU
	EndGlobalSection
	GlobalSection(ProjectConfigurationPlatforms) = postSolution
		{DE43FE6F-B521-4BD4-A8AF-A9774CC54168}.Debug|Any CPU.ActiveCfg = Debug|Any CPU
		{DE43FE6F-B521-4BD4-A8AF-A9774CC54168}.Debug|Any CPU.Build.0 = Debug|Any CPU
		{DE43FE6F-B521-4BD4-A8AF-A9774CC54168}.Release|Any CPU.ActiveCfg = Release|Any CPU
		{DE43FE6F-B521-4BD4-A8AF-A9774CC54168}.Release|Any CPU.Build.0 = Release|Any CPU
	EndGlobalSection
	GlobalSection(SolutionProperties) = preSolution
		HideSolutionNode = FALSE
	EndGlobalSection
	GlobalSection(ExtensibilityGlobals) = postSolution
		SolutionGuid = {985797C3-1D3C-4F15-853D-A25A9FFC61B8}
	EndGlobalSection
EndGlobal
