
Microsoft Visual Studio Solution File, Format Version 12.00
# Visual Studio 15
VisualStudioVersion = 15.0.28010.2050
MinimumVisualStudioVersion = 10.0.40219.1
Project("{FAE04EC0-301F-11D3-BF4B-00C04F79EFBC}") = "SquareRootApp", "SquareRootApp\SquareRootApp.csproj", "{F4FED4E3-D458-4494-95D1-7D6019FC04EF}"
EndProject
Global
	GlobalSection(SolutionConfigurationPlatforms) = preSolution
		Debug|Any CPU = Debug|Any CPU
		Release|Any CPU = Release|Any CPU
	EndGlobalSection
	GlobalSection(ProjectConfigurationPlatforms) = postSolution
		{F4FED4E3-D458-4494-95D1-7D6019FC04EF}.Debug|Any CPU.ActiveCfg = Debug|Any CPU
		{F4FED4E3-D458-4494-95D1-7D6019FC04EF}.Debug|Any CPU.Build.0 = Debug|Any CPU
		{F4FED4E3-D458-4494-95D1-7D6019FC04EF}.Release|Any CPU.ActiveCfg = Release|Any CPU
		{F4FED4E3-D458-4494-95D1-7D6019FC04EF}.Release|Any CPU.Build.0 = Release|Any CPU
	EndGlobalSection
	GlobalSection(SolutionProperties) = preSolution
		HideSolutionNode = FALSE
	EndGlobalSection
	GlobalSection(ExtensibilityGlobals) = postSolution
		SolutionGuid = {46B3A693-60D9-4F40-93F8-5419322E10F5}
	EndGlobalSection
EndGlobal
