
Microsoft Visual Studio Solution File, Format Version 12.00
# Visual Studio 15
VisualStudioVersion = 15.0.28010.2050
MinimumVisualStudioVersion = 10.0.40219.1
Project("{FAE04EC0-301F-11D3-BF4B-00C04F79EFBC}") = "WebApiLabb", "WebApiLabb\WebApiLabb.csproj", "{ED81DF9F-D6CA-4586-91C0-9E90B51F6986}"
EndProject
Global
	GlobalSection(SolutionConfigurationPlatforms) = preSolution
		Debug|Any CPU = Debug|Any CPU
		Release|Any CPU = Release|Any CPU
	EndGlobalSection
	GlobalSection(ProjectConfigurationPlatforms) = postSolution
		{ED81DF9F-D6CA-4586-91C0-9E90B51F6986}.Debug|Any CPU.ActiveCfg = Debug|Any CPU
		{ED81DF9F-D6CA-4586-91C0-9E90B51F6986}.Debug|Any CPU.Build.0 = Debug|Any CPU
		{ED81DF9F-D6CA-4586-91C0-9E90B51F6986}.Release|Any CPU.ActiveCfg = Release|Any CPU
		{ED81DF9F-D6CA-4586-91C0-9E90B51F6986}.Release|Any CPU.Build.0 = Release|Any CPU
	EndGlobalSection
	GlobalSection(SolutionProperties) = preSolution
		HideSolutionNode = FALSE
	EndGlobalSection
	GlobalSection(ExtensibilityGlobals) = postSolution
		SolutionGuid = {A9C8D119-887B-486B-B8C7-E47D5F376642}
	EndGlobalSection
EndGlobal
