
Microsoft Visual Studio Solution File, Format Version 12.00
# Visual Studio 15
VisualStudioVersion = 15.0.28010.2050
MinimumVisualStudioVersion = 10.0.40219.1
Project("{FAE04EC0-301F-11D3-BF4B-00C04F79EFBC}") = "Module8", "Module8\Module8.csproj", "{457E6A1D-D760-49E6-82F1-05CFE8DAA2ED}"
EndProject
Global
	GlobalSection(SolutionConfigurationPlatforms) = preSolution
		Debug|Any CPU = Debug|Any CPU
		Release|Any CPU = Release|Any CPU
	EndGlobalSection
	GlobalSection(ProjectConfigurationPlatforms) = postSolution
		{457E6A1D-D760-49E6-82F1-05CFE8DAA2ED}.Debug|Any CPU.ActiveCfg = Debug|Any CPU
		{457E6A1D-D760-49E6-82F1-05CFE8DAA2ED}.Debug|Any CPU.Build.0 = Debug|Any CPU
		{457E6A1D-D760-49E6-82F1-05CFE8DAA2ED}.Release|Any CPU.ActiveCfg = Release|Any CPU
		{457E6A1D-D760-49E6-82F1-05CFE8DAA2ED}.Release|Any CPU.Build.0 = Release|Any CPU
	EndGlobalSection
	GlobalSection(SolutionProperties) = preSolution
		HideSolutionNode = FALSE
	EndGlobalSection
	GlobalSection(ExtensibilityGlobals) = postSolution
		SolutionGuid = {6FD4BAA1-E00F-423C-93A2-94EACE29CA3B}
	EndGlobalSection
EndGlobal
