
Microsoft Visual Studio Solution File, Format Version 12.00
# Visual Studio 15
VisualStudioVersion = 15.0.28010.2050
MinimumVisualStudioVersion = 10.0.40219.1
Project("{9A19103F-16F7-4668-BE54-9A1E7A4F7556}") = "Module3", "Module3\Module3.csproj", "{4B94E25E-07BD-4637-9B08-7DB1B1EF30EB}"
EndProject
Project("{FAE04EC0-301F-11D3-BF4B-00C04F79EFBC}") = "Module4", "Module4\Module4.csproj", "{897FCAEA-90FF-4D27-857C-D8AAC20B4B24}"
EndProject
Global
	GlobalSection(SolutionConfigurationPlatforms) = preSolution
		Debug|Any CPU = Debug|Any CPU
		Release|Any CPU = Release|Any CPU
	EndGlobalSection
	GlobalSection(ProjectConfigurationPlatforms) = postSolution
		{4B94E25E-07BD-4637-9B08-7DB1B1EF30EB}.Debug|Any CPU.ActiveCfg = Debug|Any CPU
		{4B94E25E-07BD-4637-9B08-7DB1B1EF30EB}.Debug|Any CPU.Build.0 = Debug|Any CPU
		{4B94E25E-07BD-4637-9B08-7DB1B1EF30EB}.Release|Any CPU.ActiveCfg = Release|Any CPU
		{4B94E25E-07BD-4637-9B08-7DB1B1EF30EB}.Release|Any CPU.Build.0 = Release|Any CPU
		{897FCAEA-90FF-4D27-857C-D8AAC20B4B24}.Debug|Any CPU.ActiveCfg = Debug|Any CPU
		{897FCAEA-90FF-4D27-857C-D8AAC20B4B24}.Debug|Any CPU.Build.0 = Debug|Any CPU
		{897FCAEA-90FF-4D27-857C-D8AAC20B4B24}.Release|Any CPU.ActiveCfg = Release|Any CPU
		{897FCAEA-90FF-4D27-857C-D8AAC20B4B24}.Release|Any CPU.Build.0 = Release|Any CPU
	EndGlobalSection
	GlobalSection(SolutionProperties) = preSolution
		HideSolutionNode = FALSE
	EndGlobalSection
	GlobalSection(ExtensibilityGlobals) = postSolution
		SolutionGuid = {54B975A7-D96D-4DDF-A0FF-BCA7F1C06D63}
	EndGlobalSection
EndGlobal
