
Microsoft Visual Studio Solution File, Format Version 12.00
# Visual Studio 15
VisualStudioVersion = 15.0.28010.2050
MinimumVisualStudioVersion = 10.0.40219.1
Project("{FAE04EC0-301F-11D3-BF4B-00C04F79EFBC}") = "TESTLÖSENORD", "TESTLÖSENORD\TESTLÖSENORD.csproj", "{BA7B3A48-BA79-420E-A827-88BD3FA5B7B1}"
EndProject
Global
	GlobalSection(SolutionConfigurationPlatforms) = preSolution
		Debug|Any CPU = Debug|Any CPU
		Release|Any CPU = Release|Any CPU
	EndGlobalSection
	GlobalSection(ProjectConfigurationPlatforms) = postSolution
		{BA7B3A48-BA79-420E-A827-88BD3FA5B7B1}.Debug|Any CPU.ActiveCfg = Debug|Any CPU
		{BA7B3A48-BA79-420E-A827-88BD3FA5B7B1}.Debug|Any CPU.Build.0 = Debug|Any CPU
		{BA7B3A48-BA79-420E-A827-88BD3FA5B7B1}.Release|Any CPU.ActiveCfg = Release|Any CPU
		{BA7B3A48-BA79-420E-A827-88BD3FA5B7B1}.Release|Any CPU.Build.0 = Release|Any CPU
	EndGlobalSection
	GlobalSection(SolutionProperties) = preSolution
		HideSolutionNode = FALSE
	EndGlobalSection
	GlobalSection(ExtensibilityGlobals) = postSolution
		SolutionGuid = {D43B651B-C54E-4516-9B14-3786F7D19FFE}
	EndGlobalSection
EndGlobal
