
Microsoft Visual Studio Solution File, Format Version 12.00
# Visual Studio 15
VisualStudioVersion = 15.0.28010.2050
MinimumVisualStudioVersion = 10.0.40219.1
Project("{FAE04EC0-301F-11D3-BF4B-00C04F79EFBC}") = "HelloWPF", "HelloWPF\HelloWPF.csproj", "{FB406A41-44BB-49F5-9A51-A3B832938929}"
EndProject
Global
	GlobalSection(SolutionConfigurationPlatforms) = preSolution
		Debug|Any CPU = Debug|Any CPU
		Release|Any CPU = Release|Any CPU
	EndGlobalSection
	GlobalSection(ProjectConfigurationPlatforms) = postSolution
		{FB406A41-44BB-49F5-9A51-A3B832938929}.Debug|Any CPU.ActiveCfg = Debug|Any CPU
		{FB406A41-44BB-49F5-9A51-A3B832938929}.Debug|Any CPU.Build.0 = Debug|Any CPU
		{FB406A41-44BB-49F5-9A51-A3B832938929}.Release|Any CPU.ActiveCfg = Release|Any CPU
		{FB406A41-44BB-49F5-9A51-A3B832938929}.Release|Any CPU.Build.0 = Release|Any CPU
	EndGlobalSection
	GlobalSection(SolutionProperties) = preSolution
		HideSolutionNode = FALSE
	EndGlobalSection
	GlobalSection(ExtensibilityGlobals) = postSolution
		SolutionGuid = {0E3E4A96-5B27-4A5B-B644-01B978C2423A}
	EndGlobalSection
EndGlobal
