
Microsoft Visual Studio Solution File, Format Version 12.00
# Visual Studio 15
VisualStudioVersion = 15.0.28010.2050
MinimumVisualStudioVersion = 10.0.40219.1
Project("{FAE04EC0-301F-11D3-BF4B-00C04F79EFBC}") = "LayoutWithCanvas", "LayoutWithCanvas\LayoutWithCanvas.csproj", "{59599B6D-E0F0-4979-B771-EA38D5E52770}"
EndProject
Global
	GlobalSection(SolutionConfigurationPlatforms) = preSolution
		Debug|Any CPU = Debug|Any CPU
		Release|Any CPU = Release|Any CPU
	EndGlobalSection
	GlobalSection(ProjectConfigurationPlatforms) = postSolution
		{59599B6D-E0F0-4979-B771-EA38D5E52770}.Debug|Any CPU.ActiveCfg = Debug|Any CPU
		{59599B6D-E0F0-4979-B771-EA38D5E52770}.Debug|Any CPU.Build.0 = Debug|Any CPU
		{59599B6D-E0F0-4979-B771-EA38D5E52770}.Release|Any CPU.ActiveCfg = Release|Any CPU
		{59599B6D-E0F0-4979-B771-EA38D5E52770}.Release|Any CPU.Build.0 = Release|Any CPU
	EndGlobalSection
	GlobalSection(SolutionProperties) = preSolution
		HideSolutionNode = FALSE
	EndGlobalSection
	GlobalSection(ExtensibilityGlobals) = postSolution
		SolutionGuid = {340E6F88-35E4-4D81-929D-C47E235C3D6D}
	EndGlobalSection
EndGlobal
